// !$*UTF8*$!
{
	archiveVersion = 1;
	classes = {
	};
	objectVersion = 46;
	objects = {

/* Begin PBXBuildFile section */
		6D5A86AE19AE5C710066C1FD /* Cocoa.framework in Frameworks */ = {isa = PBXBuildFile; fileRef = 6D5A86AD19AE5C710066C1FD /* Cocoa.framework */; };
		6D5A86B819AE5C710066C1FD /* InfoPlist.strings in Resources */ = {isa = PBXBuildFile; fileRef = 6D5A86B619AE5C710066C1FD /* InfoPlist.strings */; };
		6D5A86BA19AE5C710066C1FD /* main.cpp in Sources */ = {isa = PBXBuildFile; fileRef = 6D5A86B919AE5C710066C1FD /* main.cpp */; };
		6D5A86BE19AE5C710066C1FD /* Credits.rtf in Resources */ = {isa = PBXBuildFile; fileRef = 6D5A86BC19AE5C710066C1FD /* Credits.rtf */; };
		6D5A86C619AE5C710066C1FD /* Images.xcassets in Resources */ = {isa = PBXBuildFile; fileRef = 6D5A86C519AE5C710066C1FD /* Images.xcassets */; };
		6D5A86E319AE5CD10066C1FD /* SDL2.framework in Frameworks */ = {isa = PBXBuildFile; fileRef = 6D5A86E219AE5CD10066C1FD /* SDL2.framework */; };
		6D5AC2D019AE6280004CB1BF /* OpenGL.framework in Frameworks */ = {isa = PBXBuildFile; fileRef = 6D5AC2CF19AE6280004CB1BF /* OpenGL.framework */; };
		6D5AC2D219AE6A1E004CB1BF /* SDL2_image.framework in Frameworks */ = {isa = PBXBuildFile; fileRef = 6D5AC2D119AE6A1E004CB1BF /* SDL2_image.framework */; };
		EE27CE6D1B0100AC00ED68B4 /* jump.wav in Resources */ = {isa = PBXBuildFile; fileRef = EE27CE6C1B0100AC00ED68B4 /* jump.wav */; };
		EE27CE6F1B0100C700ED68B4 /* hit.wav in Resources */ = {isa = PBXBuildFile; fileRef = EE27CE6E1B0100C700ED68B4 /* hit.wav */; };
		EE27CE711B01011E00ED68B4 /* Pixelmon Waltz.mp3 in Resources */ = {isa = PBXBuildFile; fileRef = EE27CE701B01011E00ED68B4 /* Pixelmon Waltz.mp3 */; };
		EE27CE731B01014900ED68B4 /* died.wav in Resources */ = {isa = PBXBuildFile; fileRef = EE27CE721B01014900ED68B4 /* died.wav */; };
		EE27CE751B0101FA00ED68B4 /* SDL2_mixer.framework in Frameworks */ = {isa = PBXBuildFile; fileRef = EE27CE741B0101FA00ED68B4 /* SDL2_mixer.framework */; };
		EE27CE771B0106B400ED68B4 /* popp.wav in Resources */ = {isa = PBXBuildFile; fileRef = EE27CE761B0106B400ED68B4 /* popp.wav */; };
		EE27CE791B01092600ED68B4 /* player_dead.wav in Resources */ = {isa = PBXBuildFile; fileRef = EE27CE781B01092600ED68B4 /* player_dead.wav */; };
		EE27CE7B1B010A3700ED68B4 /* coin.wav in Resources */ = {isa = PBXBuildFile; fileRef = EE27CE7A1B010A3700ED68B4 /* coin.wav */; };
		EE27CE7D1B010B0800ED68B4 /* found.wav in Resources */ = {isa = PBXBuildFile; fileRef = EE27CE7C1B010B0800ED68B4 /* found.wav */; };
		EEBD46C51AFAB8430092C38E /* spritesheet2_rgba.png in Resources */ = {isa = PBXBuildFile; fileRef = EEBD46C41AFAB8430092C38E /* spritesheet2_rgba.png */; };
		EEBD46CC1AFBAF000092C38E /* 200_s.png in Resources */ = {isa = PBXBuildFile; fileRef = EEBD46CB1AFBAF000092C38E /* 200_s.png */; };
		EEBD46CF1AFBB79A0092C38E /* enemytexture.png in Resources */ = {isa = PBXBuildFile; fileRef = EEBD46CD1AFBB79A0092C38E /* enemytexture.png */; };
		EEBD46D01AFBB79A0092C38E /* playertexture.png in Resources */ = {isa = PBXBuildFile; fileRef = EEBD46CE1AFBB79A0092C38E /* playertexture.png */; };
		EEBD46D21AFBF28D0092C38E /* xnt9w1.png in Resources */ = {isa = PBXBuildFile; fileRef = EEBD46D11AFBF28D0092C38E /* xnt9w1.png */; };
		EEBD46D41AFC0F010092C38E /* font2.png in Resources */ = {isa = PBXBuildFile; fileRef = EEBD46D31AFC0F010092C38E /* font2.png */; };
		EEBD46D81AFDBD2E0092C38E /* AI_bfs.cpp in Sources */ = {isa = PBXBuildFile; fileRef = EEBD46D61AFDBD2E0092C38E /* AI_bfs.cpp */; };
		EEBD46DA1AFECC700092C38E /* game2.txt in Resources */ = {isa = PBXBuildFile; fileRef = EEBD46D91AFECC700092C38E /* game2.txt */; };
		EEBD46DC1AFEEF390092C38E /* game3.txt in Resources */ = {isa = PBXBuildFile; fileRef = EEBD46DB1AFEEF390092C38E /* game3.txt */; };
		EEBD46DE1AFF08CC0092C38E /* menu.png in Resources */ = {isa = PBXBuildFile; fileRef = EEBD46DD1AFF08CC0092C38E /* menu.png */; };
		EEDE61CB1AFA7CE50044F486 /* playert.png in Resources */ = {isa = PBXBuildFile; fileRef = EEDE61CA1AFA7CE50044F486 /* playert.png */; };
		EEE56B461AF2F3280049B76E /* final.cpp in Sources */ = {isa = PBXBuildFile; fileRef = EEE56B441AF2F3280049B76E /* final.cpp */; };
		EEE56B491AF2F33A0049B76E /* entity.cpp in Sources */ = {isa = PBXBuildFile; fileRef = EEE56B471AF2F33A0049B76E /* entity.cpp */; };
/* End PBXBuildFile section */

/* Begin PBXFileReference section */
		6D5A86AA19AE5C710066C1FD /* NYUCodebase.app */ = {isa = PBXFileReference; explicitFileType = wrapper.application; includeInIndex = 0; path = NYUCodebase.app; sourceTree = BUILT_PRODUCTS_DIR; };
		6D5A86AD19AE5C710066C1FD /* Cocoa.framework */ = {isa = PBXFileReference; lastKnownFileType = wrapper.framework; name = Cocoa.framework; path = System/Library/Frameworks/Cocoa.framework; sourceTree = SDKROOT; };
		6D5A86B019AE5C710066C1FD /* AppKit.framework */ = {isa = PBXFileReference; lastKnownFileType = wrapper.framework; name = AppKit.framework; path = System/Library/Frameworks/AppKit.framework; sourceTree = SDKROOT; };
		6D5A86B119AE5C710066C1FD /* CoreData.framework */ = {isa = PBXFileReference; lastKnownFileType = wrapper.framework; name = CoreData.framework; path = System/Library/Frameworks/CoreData.framework; sourceTree = SDKROOT; };
		6D5A86B219AE5C710066C1FD /* Foundation.framework */ = {isa = PBXFileReference; lastKnownFileType = wrapper.framework; name = Foundation.framework; path = System/Library/Frameworks/Foundation.framework; sourceTree = SDKROOT; };
		6D5A86B519AE5C710066C1FD /* NYUCodebase-Info.plist */ = {isa = PBXFileReference; lastKnownFileType = text.plist.xml; path = "NYUCodebase-Info.plist"; sourceTree = "<group>"; };
		6D5A86B719AE5C710066C1FD /* en */ = {isa = PBXFileReference; lastKnownFileType = text.plist.strings; name = en; path = en.lproj/InfoPlist.strings; sourceTree = "<group>"; };
		6D5A86B919AE5C710066C1FD /* main.cpp */ = {isa = PBXFileReference; lastKnownFileType = sourcecode.cpp.cpp; path = main.cpp; sourceTree = "<group>"; };
		6D5A86BD19AE5C710066C1FD /* en */ = {isa = PBXFileReference; lastKnownFileType = text.rtf; name = en; path = en.lproj/Credits.rtf; sourceTree = "<group>"; };
		6D5A86C519AE5C710066C1FD /* Images.xcassets */ = {isa = PBXFileReference; lastKnownFileType = folder.assetcatalog; path = Images.xcassets; sourceTree = "<group>"; };
		6D5A86E219AE5CD10066C1FD /* SDL2.framework */ = {isa = PBXFileReference; lastKnownFileType = wrapper.framework; name = SDL2.framework; path = ../../../../../../../../Library/Frameworks/SDL2.framework; sourceTree = "<group>"; };
		6D5AC2CF19AE6280004CB1BF /* OpenGL.framework */ = {isa = PBXFileReference; lastKnownFileType = wrapper.framework; name = OpenGL.framework; path = System/Library/Frameworks/OpenGL.framework; sourceTree = SDKROOT; };
		6D5AC2D119AE6A1E004CB1BF /* SDL2_image.framework */ = {isa = PBXFileReference; lastKnownFileType = wrapper.framework; name = SDL2_image.framework; path = ../../../../../../../../Library/Frameworks/SDL2_image.framework; sourceTree = "<group>"; };
		EE27CE6C1B0100AC00ED68B4 /* jump.wav */ = {isa = PBXFileReference; lastKnownFileType = audio.wav; path = jump.wav; sourceTree = "<group>"; };
		EE27CE6E1B0100C700ED68B4 /* hit.wav */ = {isa = PBXFileReference; lastKnownFileType = audio.wav; path = hit.wav; sourceTree = "<group>"; };
		EE27CE701B01011E00ED68B4 /* Pixelmon Waltz.mp3 */ = {isa = PBXFileReference; lastKnownFileType = audio.mp3; path = "Pixelmon Waltz.mp3"; sourceTree = "<group>"; };
		EE27CE721B01014900ED68B4 /* died.wav */ = {isa = PBXFileReference; lastKnownFileType = audio.wav; path = died.wav; sourceTree = "<group>"; };
		EE27CE741B0101FA00ED68B4 /* SDL2_mixer.framework */ = {isa = PBXFileReference; lastKnownFileType = wrapper.framework; path = SDL2_mixer.framework; sourceTree = "<group>"; };
		EE27CE761B0106B400ED68B4 /* popp.wav */ = {isa = PBXFileReference; lastKnownFileType = audio.wav; path = popp.wav; sourceTree = "<group>"; };
		EE27CE781B01092600ED68B4 /* player_dead.wav */ = {isa = PBXFileReference; lastKnownFileType = audio.wav; path = player_dead.wav; sourceTree = "<group>"; };
		EE27CE7A1B010A3700ED68B4 /* coin.wav */ = {isa = PBXFileReference; lastKnownFileType = audio.wav; path = coin.wav; sourceTree = "<group>"; };
		EE27CE7C1B010B0800ED68B4 /* found.wav */ = {isa = PBXFileReference; lastKnownFileType = audio.wav; path = found.wav; sourceTree = "<group>"; };
		EEBD46C41AFAB8430092C38E /* spritesheet2_rgba.png */ = {isa = PBXFileReference; lastKnownFileType = image.png; path = spritesheet2_rgba.png; sourceTree = "<group>"; };
		EEBD46CB1AFBAF000092C38E /* 200_s.png */ = {isa = PBXFileReference; lastKnownFileType = image.png; path = 200_s.png; sourceTree = "<group>"; };
		EEBD46CD1AFBB79A0092C38E /* enemytexture.png */ = {isa = PBXFileReference; lastKnownFileType = image.png; path = enemytexture.png; sourceTree = "<group>"; };
		EEBD46CE1AFBB79A0092C38E /* playertexture.png */ = {isa = PBXFileReference; lastKnownFileType = image.png; path = playertexture.png; sourceTree = "<group>"; };
		EEBD46D11AFBF28D0092C38E /* xnt9w1.png */ = {isa = PBXFileReference; lastKnownFileType = image.png; path = xnt9w1.png; sourceTree = "<group>"; };
		EEBD46D31AFC0F010092C38E /* font2.png */ = {isa = PBXFileReference; lastKnownFileType = image.png; path = font2.png; sourceTree = "<group>"; };
		EEBD46D61AFDBD2E0092C38E /* AI_bfs.cpp */ = {isa = PBXFileReference; fileEncoding = 4; lastKnownFileType = sourcecode.cpp.cpp; path = AI_bfs.cpp; sourceTree = "<group>"; };
		EEBD46D71AFDBD2E0092C38E /* AI_bfs.h */ = {isa = PBXFileReference; fileEncoding = 4; lastKnownFileType = sourcecode.c.h; path = AI_bfs.h; sourceTree = "<group>"; };
		EEBD46D91AFECC700092C38E /* game2.txt */ = {isa = PBXFileReference; fileEncoding = 4; lastKnownFileType = text; path = game2.txt; sourceTree = "<group>"; };
		EEBD46DB1AFEEF390092C38E /* game3.txt */ = {isa = PBXFileReference; fileEncoding = 4; lastKnownFileType = text; path = game3.txt; sourceTree = "<group>"; };
		EEBD46DD1AFF08CC0092C38E /* menu.png */ = {isa = PBXFileReference; lastKnownFileType = image.png; path = menu.png; sourceTree = "<group>"; };
		EEDE61CA1AFA7CE50044F486 /* playert.png */ = {isa = PBXFileReference; lastKnownFileType = image.png; path = playert.png; sourceTree = "<group>"; };
		EEE56B441AF2F3280049B76E /* final.cpp */ = {isa = PBXFileReference; fileEncoding = 4; lastKnownFileType = sourcecode.cpp.cpp; path = final.cpp; sourceTree = "<group>"; };
		EEE56B451AF2F3280049B76E /* final.h */ = {isa = PBXFileReference; fileEncoding = 4; lastKnownFileType = sourcecode.c.h; path = final.h; sourceTree = "<group>"; };
		EEE56B471AF2F33A0049B76E /* entity.cpp */ = {isa = PBXFileReference; fileEncoding = 4; lastKnownFileType = sourcecode.cpp.cpp; path = entity.cpp; sourceTree = "<group>"; };
		EEE56B481AF2F33A0049B76E /* entity.h */ = {isa = PBXFileReference; fileEncoding = 4; lastKnownFileType = sourcecode.c.h; path = entity.h; sourceTree = "<group>"; };
/* End PBXFileReference section */

/* Begin PBXFrameworksBuildPhase section */
		6D5A86A719AE5C710066C1FD /* Frameworks */ = {
			isa = PBXFrameworksBuildPhase;
			buildActionMask = 2147483647;
			files = (
				6D5AC2D019AE6280004CB1BF /* OpenGL.framework in Frameworks */,
				EE27CE751B0101FA00ED68B4 /* SDL2_mixer.framework in Frameworks */,
				6D5A86AE19AE5C710066C1FD /* Cocoa.framework in Frameworks */,
				6D5A86E319AE5CD10066C1FD /* SDL2.framework in Frameworks */,
				6D5AC2D219AE6A1E004CB1BF /* SDL2_image.framework in Frameworks */,
			);
			runOnlyForDeploymentPostprocessing = 0;
		};
/* End PBXFrameworksBuildPhase section */

/* Begin PBXGroup section */
		6D5A86A119AE5C710066C1FD = {
			isa = PBXGroup;
			children = (
				6D5A86B319AE5C710066C1FD /* NYUCodebase */,
				6D5A86AC19AE5C710066C1FD /* Frameworks */,
				6D5A86AB19AE5C710066C1FD /* Products */,
			);
			sourceTree = "<group>";
		};
		6D5A86AB19AE5C710066C1FD /* Products */ = {
			isa = PBXGroup;
			children = (
				6D5A86AA19AE5C710066C1FD /* NYUCodebase.app */,
			);
			name = Products;
			sourceTree = "<group>";
		};
		6D5A86AC19AE5C710066C1FD /* Frameworks */ = {
			isa = PBXGroup;
			children = (
				EE27CE741B0101FA00ED68B4 /* SDL2_mixer.framework */,
				6D5AC2D119AE6A1E004CB1BF /* SDL2_image.framework */,
				6D5AC2CF19AE6280004CB1BF /* OpenGL.framework */,
				6D5A86E219AE5CD10066C1FD /* SDL2.framework */,
				6D5A86AD19AE5C710066C1FD /* Cocoa.framework */,
				6D5A86AF19AE5C710066C1FD /* Other Frameworks */,
			);
			name = Frameworks;
			sourceTree = "<group>";
		};
		6D5A86AF19AE5C710066C1FD /* Other Frameworks */ = {
			isa = PBXGroup;
			children = (
				6D5A86B019AE5C710066C1FD /* AppKit.framework */,
				6D5A86B119AE5C710066C1FD /* CoreData.framework */,
				6D5A86B219AE5C710066C1FD /* Foundation.framework */,
			);
			name = "Other Frameworks";
			sourceTree = "<group>";
		};
		6D5A86B319AE5C710066C1FD /* NYUCodebase */ = {
			isa = PBXGroup;
			children = (
				6D5A86E119AE5CAA0066C1FD /* Code */,
				6D5A86B419AE5C710066C1FD /* Supporting Files */,
			);
			path = NYUCodebase;
			sourceTree = "<group>";
		};
		6D5A86B419AE5C710066C1FD /* Supporting Files */ = {
			isa = PBXGroup;
			children = (
				6D5A86C519AE5C710066C1FD /* Images.xcassets */,
				6D5A86B519AE5C710066C1FD /* NYUCodebase-Info.plist */,
				6D5A86B619AE5C710066C1FD /* InfoPlist.strings */,
				6D5A86BC19AE5C710066C1FD /* Credits.rtf */,
			);
			name = "Supporting Files";
			sourceTree = "<group>";
		};
		6D5A86E119AE5CAA0066C1FD /* Code */ = {
			isa = PBXGroup;
			children = (
				6D5A86B919AE5C710066C1FD /* main.cpp */,
				EEE56B471AF2F33A0049B76E /* entity.cpp */,
				EEE56B481AF2F33A0049B76E /* entity.h */,
				EEE56B451AF2F3280049B76E /* final.h */,
				EEE56B441AF2F3280049B76E /* final.cpp */,
				EEBD46D61AFDBD2E0092C38E /* AI_bfs.cpp */,
				EEBD46D71AFDBD2E0092C38E /* AI_bfs.h */,
				EEBD46D11AFBF28D0092C38E /* xnt9w1.png */,
				EEDE61CA1AFA7CE50044F486 /* playert.png */,
				EE27CE761B0106B400ED68B4 /* popp.wav */,
				EE27CE6C1B0100AC00ED68B4 /* jump.wav */,
				EE27CE6E1B0100C700ED68B4 /* hit.wav */,
				EE27CE781B01092600ED68B4 /* player_dead.wav */,
				EE27CE7C1B010B0800ED68B4 /* found.wav */,
				EE27CE7A1B010A3700ED68B4 /* coin.wav */,
				EE27CE701B01011E00ED68B4 /* Pixelmon Waltz.mp3 */,
				EE27CE721B01014900ED68B4 /* died.wav */,
				EEBD46CD1AFBB79A0092C38E /* enemytexture.png */,
				EEBD46DD1AFF08CC0092C38E /* menu.png */,
				EEBD46CE1AFBB79A0092C38E /* playertexture.png */,
				EEBD46C41AFAB8430092C38E /* spritesheet2_rgba.png */,
				EEBD46D31AFC0F010092C38E /* font2.png */,
				EEBD46D91AFECC700092C38E /* game2.txt */,
				EEBD46DB1AFEEF390092C38E /* game3.txt */,
				EEBD46CB1AFBAF000092C38E /* 200_s.png */,
			);
			name = Code;
			sourceTree = "<group>";
		};
/* End PBXGroup section */

/* Begin PBXNativeTarget section */
		6D5A86A919AE5C710066C1FD /* NYUCodebase */ = {
			isa = PBXNativeTarget;
			buildConfigurationList = 6D5A86DB19AE5C710066C1FD /* Build configuration list for PBXNativeTarget "NYUCodebase" */;
			buildPhases = (
				6D5A86A619AE5C710066C1FD /* Sources */,
				6D5A86A719AE5C710066C1FD /* Frameworks */,
				6D5A86A819AE5C710066C1FD /* Resources */,
			);
			buildRules = (
			);
			dependencies = (
			);
			name = NYUCodebase;
			productName = NYUCodebase;
			productReference = 6D5A86AA19AE5C710066C1FD /* NYUCodebase.app */;
			productType = "com.apple.product-type.application";
		};
/* End PBXNativeTarget section */

/* Begin PBXProject section */
		6D5A86A219AE5C710066C1FD /* Project object */ = {
			isa = PBXProject;
			attributes = {
				CLASSPREFIX = NYUCB;
				LastUpgradeCheck = 0510;
				ORGANIZATIONNAME = "Ivan Safrin";
			};
			buildConfigurationList = 6D5A86A519AE5C710066C1FD /* Build configuration list for PBXProject "NYUCodebase" */;
			compatibilityVersion = "Xcode 3.2";
			developmentRegion = English;
			hasScannedForEncodings = 0;
			knownRegions = (
				en,
				Base,
			);
			mainGroup = 6D5A86A119AE5C710066C1FD;
			productRefGroup = 6D5A86AB19AE5C710066C1FD /* Products */;
			projectDirPath = "";
			projectRoot = "";
			targets = (
				6D5A86A919AE5C710066C1FD /* NYUCodebase */,
			);
		};
/* End PBXProject section */

/* Begin PBXResourcesBuildPhase section */
		6D5A86A819AE5C710066C1FD /* Resources */ = {
			isa = PBXResourcesBuildPhase;
			buildActionMask = 2147483647;
			files = (
				EEBD46D21AFBF28D0092C38E /* xnt9w1.png in Resources */,
				EEBD46D41AFC0F010092C38E /* font2.png in Resources */,
				6D5A86B819AE5C710066C1FD /* InfoPlist.strings in Resources */,
				EEBD46DE1AFF08CC0092C38E /* menu.png in Resources */,
				6D5A86C619AE5C710066C1FD /* Images.xcassets in Resources */,
				EE27CE7B1B010A3700ED68B4 /* coin.wav in Resources */,
				EEBD46DC1AFEEF390092C38E /* game3.txt in Resources */,
				EEBD46DA1AFECC700092C38E /* game2.txt in Resources */,
				EEBD46CF1AFBB79A0092C38E /* enemytexture.png in Resources */,
				EEDE61CB1AFA7CE50044F486 /* playert.png in Resources */,
				EE27CE731B01014900ED68B4 /* died.wav in Resources */,
				EE27CE791B01092600ED68B4 /* player_dead.wav in Resources */,
				EE27CE7D1B010B0800ED68B4 /* found.wav in Resources */,
				6D5A86BE19AE5C710066C1FD /* Credits.rtf in Resources */,
				EE27CE6D1B0100AC00ED68B4 /* jump.wav in Resources */,
				EEBD46CC1AFBAF000092C38E /* 200_s.png in Resources */,
				EE27CE6F1B0100C700ED68B4 /* hit.wav in Resources */,
				EEBD46D01AFBB79A0092C38E /* playertexture.png in Resources */,
				EE27CE771B0106B400ED68B4 /* popp.wav in Resources */,
				EE27CE711B01011E00ED68B4 /* Pixelmon Waltz.mp3 in Resources */,
				EEBD46C51AFAB8430092C38E /* spritesheet2_rgba.png in Resources */,
			);
			runOnlyForDeploymentPostprocessing = 0;
		};
/* End PBXResourcesBuildPhase section */

/* Begin PBXSourcesBuildPhase section */
		6D5A86A619AE5C710066C1FD /* Sources */ = {
			isa = PBXSourcesBuildPhase;
			buildActionMask = 2147483647;
			files = (
				EEE56B461AF2F3280049B76E /* final.cpp in Sources */,
				EEE56B491AF2F33A0049B76E /* entity.cpp in Sources */,
				6D5A86BA19AE5C710066C1FD /* main.cpp in Sources */,
				EEBD46D81AFDBD2E0092C38E /* AI_bfs.cpp in Sources */,
			);
			runOnlyForDeploymentPostprocessing = 0;
		};
/* End PBXSourcesBuildPhase section */

/* Begin PBXVariantGroup section */
		6D5A86B619AE5C710066C1FD /* InfoPlist.strings */ = {
			isa = PBXVariantGroup;
			children = (
				6D5A86B719AE5C710066C1FD /* en */,
			);
			name = InfoPlist.strings;
			sourceTree = "<group>";
		};
		6D5A86BC19AE5C710066C1FD /* Credits.rtf */ = {
			isa = PBXVariantGroup;
			children = (
				6D5A86BD19AE5C710066C1FD /* en */,
			);
			name = Credits.rtf;
			sourceTree = "<group>";
		};
/* End PBXVariantGroup section */

/* Begin XCBuildConfiguration section */
		6D5A86D919AE5C710066C1FD /* Debug */ = {
			isa = XCBuildConfiguration;
			buildSettings = {
				ALWAYS_SEARCH_USER_PATHS = YES;
				CLANG_CXX_LANGUAGE_STANDARD = "gnu++0x";
				CLANG_CXX_LIBRARY = "libc++";
				CLANG_ENABLE_MODULES = YES;
				CLANG_ENABLE_OBJC_ARC = YES;
				CLANG_WARN_BOOL_CONVERSION = YES;
				CLANG_WARN_CONSTANT_CONVERSION = YES;
				CLANG_WARN_DIRECT_OBJC_ISA_USAGE = YES_ERROR;
				CLANG_WARN_EMPTY_BODY = YES;
				CLANG_WARN_ENUM_CONVERSION = YES;
				CLANG_WARN_INT_CONVERSION = YES;
				CLANG_WARN_OBJC_ROOT_CLASS = YES_ERROR;
				CLANG_WARN__DUPLICATE_METHOD_MATCH = YES;
				COPY_PHASE_STRIP = NO;
				"DEBUG_INFORMATION_FORMAT[sdk=*]" = "";
				FRAMEWORK_SEARCH_PATHS = (
					/Library/Frameworks/SDL2_mixer.framework/Headers/,
					"<Multiple",
					"values>",
				);
				GCC_C_LANGUAGE_STANDARD = gnu99;
				GCC_DYNAMIC_NO_PIC = NO;
				GCC_ENABLE_OBJC_EXCEPTIONS = YES;
				GCC_OPTIMIZATION_LEVEL = 0;
				GCC_PREPROCESSOR_DEFINITIONS = (
					"DEBUG=1",
					"$(inherited)",
				);
				GCC_SYMBOLS_PRIVATE_EXTERN = NO;
				GCC_WARN_64_TO_32_BIT_CONVERSION = YES;
				GCC_WARN_ABOUT_RETURN_TYPE = YES_ERROR;
				GCC_WARN_UNDECLARED_SELECTOR = YES;
				GCC_WARN_UNINITIALIZED_AUTOS = YES_AGGRESSIVE;
				GCC_WARN_UNUSED_FUNCTION = YES;
				GCC_WARN_UNUSED_VARIABLE = YES;
				MACOSX_DEPLOYMENT_TARGET = 10.9;
				ONLY_ACTIVE_ARCH = YES;
				SDKROOT = macosx;
			};
			name = Debug;
		};
		6D5A86DA19AE5C710066C1FD /* Release */ = {
			isa = XCBuildConfiguration;
			buildSettings = {
				ALWAYS_SEARCH_USER_PATHS = YES;
				CLANG_CXX_LANGUAGE_STANDARD = "gnu++0x";
				CLANG_CXX_LIBRARY = "libc++";
				CLANG_ENABLE_MODULES = YES;
				CLANG_ENABLE_OBJC_ARC = YES;
				CLANG_WARN_BOOL_CONVERSION = YES;
				CLANG_WARN_CONSTANT_CONVERSION = YES;
				CLANG_WARN_DIRECT_OBJC_ISA_USAGE = YES_ERROR;
				CLANG_WARN_EMPTY_BODY = YES;
				CLANG_WARN_ENUM_CONVERSION = YES;
				CLANG_WARN_INT_CONVERSION = YES;
				CLANG_WARN_OBJC_ROOT_CLASS = YES_ERROR;
				CLANG_WARN__DUPLICATE_METHOD_MATCH = YES;
				COPY_PHASE_STRIP = YES;
				DEBUG_INFORMATION_FORMAT = "dwarf-with-dsym";
				ENABLE_NS_ASSERTIONS = NO;
				FRAMEWORK_SEARCH_PATHS = (
					/Library/Frameworks/SDL2_mixer.framework/Headers/,
					"<Multiple",
					"values>",
				);
				GCC_C_LANGUAGE_STANDARD = gnu99;
				GCC_ENABLE_OBJC_EXCEPTIONS = YES;
				GCC_WARN_64_TO_32_BIT_CONVERSION = YES;
				GCC_WARN_ABOUT_RETURN_TYPE = YES_ERROR;
				GCC_WARN_UNDECLARED_SELECTOR = YES;
				GCC_WARN_UNINITIALIZED_AUTOS = YES_AGGRESSIVE;
				GCC_WARN_UNUSED_FUNCTION = YES;
				GCC_WARN_UNUSED_VARIABLE = YES;
				MACOSX_DEPLOYMENT_TARGET = 10.9;
				SDKROOT = macosx;
			};
			name = Release;
		};
		6D5A86DC19AE5C710066C1FD /* Debug */ = {
			isa = XCBuildConfiguration;
			buildSettings = {
				ASSETCATALOG_COMPILER_APPICON_NAME = AppIcon;
				COMBINE_HIDPI_IMAGES = YES;
				FRAMEWORK_SEARCH_PATHS = (
					"$(inherited)",
					"$(LOCAL_LIBRARY_DIR)/Frameworks",
					"$(PROJECT_DIR)",
				);
				GCC_PRECOMPILE_PREFIX_HEADER = YES;
				GCC_PREFIX_HEADER = "";
				HEADER_SEARCH_PATHS = (
					"$(inherited)",
					/Applications/Xcode.app/Contents/Developer/Toolchains/XcodeDefault.xctoolchain/usr/include,
					/Library/Frameworks/SDL2_image.framework/Versions/A/Headers,
					/Library/Frameworks/SDL2.framework/Versions/A/Headers,
					/Library/Frameworks/SDL2_mixer.framework/Headers/,
				);
				"HEADER_SEARCH_PATHS[arch=*]" = (
					"$(inherited)",
					/Applications/Xcode.app/Contents/Developer/Toolchains/XcodeDefault.xctoolchain/usr/include,
					/Library/Frameworks/SDL2_image.framework/Versions/A/Headers,
					/Library/Frameworks/SDL2.framework/Versions/A/Headers,
				);
				INFOPLIST_FILE = "NYUCodebase/NYUCodebase-Info.plist";
				PRODUCT_NAME = "$(TARGET_NAME)";
				WRAPPER_EXTENSION = app;
			};
			name = Debug;
		};
		6D5A86DD19AE5C710066C1FD /* Release */ = {
			isa = XCBuildConfiguration;
			buildSettings = {
				ASSETCATALOG_COMPILER_APPICON_NAME = AppIcon;
				COMBINE_HIDPI_IMAGES = YES;
				FRAMEWORK_SEARCH_PATHS = (
					"$(inherited)",
					"$(LOCAL_LIBRARY_DIR)/Frameworks",
					"$(PROJECT_DIR)",
				);
				GCC_PRECOMPILE_PREFIX_HEADER = YES;
				GCC_PREFIX_HEADER = "";
				HEADER_SEARCH_PATHS = (
					"$(inherited)",
					/Applications/Xcode.app/Contents/Developer/Toolchains/XcodeDefault.xctoolchain/usr/include,
					/Library/Frameworks/SDL2_image.framework/Versions/A/Headers,
					/Library/Frameworks/SDL2.framework/Versions/A/Headers,
					/Library/Frameworks/SDL2_mixer.framework/Headers/,
				);
				INFOPLIST_FILE = "NYUCodebase/NYUCodebase-Info.plist";
				PRODUCT_NAME = "$(TARGET_NAME)";
				WRAPPER_EXTENSION = app;
			};
			name = Release;
		};
/* End XCBuildConfiguration section */

/* Begin XCConfigurationList section */
		6D5A86A519AE5C710066C1FD /* Build configuration list for PBXProject "NYUCodebase" */ = {
			isa = XCConfigurationList;
			buildConfigurations = (
				6D5A86D919AE5C710066C1FD /* Debug */,
				6D5A86DA19AE5C710066C1FD /* Release */,
			);
			defaultConfigurationIsVisible = 0;
			defaultConfigurationName = Release;
		};
		6D5A86DB19AE5C710066C1FD /* Build configuration list for PBXNativeTarget "NYUCodebase" */ = {
			isa = XCConfigurationList;
			buildConfigurations = (
				6D5A86DC19AE5C710066C1FD /* Debug */,
				6D5A86DD19AE5C710066C1FD /* Release */,
			);
			defaultConfigurationIsVisible = 0;
			defaultConfigurationName = Release;
		};
/* End XCConfigurationList section */
	};
	rootObject = 6D5A86A219AE5C710066C1FD /* Project object */;
}
